{
  "name": "amiga-file-forge-browser-tests",
  "lockfileVersion": 3,
  "requires": true,
  "packages": {
    "": {
      "name": "amiga-file-forge-browser-tests",
      "devDependencies": {
        "playwright": "1.62.1"
      }
    },
    "node_modules/playwright": {
      "version": "1.62.1",
      "dev": true
    }
  }
}
